
Microsoft Visual Studio Solution File, Format Version 12.00
# Visual Studio Version 17
VisualStudioVersion = 17.5.002.0
MinimumVisualStudioVersion = 10.0.40219.1
Project("{9A19103F-16F7-4668-BE54-9A1E7A4F7556}") = "advinhaa", "advinhaa.csproj", "{E480A07D-60E1-490D-A7E8-095CCCA78D53}"
EndProject
Global
	GlobalSection(SolutionConfigurationPlatforms) = preSolution
		Debug|Any CPU = Debug|Any CPU
		Release|Any CPU = Release|Any CPU
	EndGlobalSection
	GlobalSection(ProjectConfigurationPlatforms) = postSolution
		{E480A07D-60E1-490D-A7E8-095CCCA78D53}.Debug|Any CPU.ActiveCfg = Debug|Any CPU
		{E480A07D-60E1-490D-A7E8-095CCCA78D53}.Debug|Any CPU.Build.0 = Debug|Any CPU
		{E480A07D-60E1-490D-A7E8-095CCCA78D53}.Release|Any CPU.ActiveCfg = Release|Any CPU
		{E480A07D-60E1-490D-A7E8-095CCCA78D53}.Release|Any CPU.Build.0 = Release|Any CPU
	EndGlobalSection
	GlobalSection(SolutionProperties) = preSolution
		HideSolutionNode = FALSE
	EndGlobalSection
	GlobalSection(ExtensibilityGlobals) = postSolution
		SolutionGuid = {94DE4803-716E-4076-93AD-E8C61CFEB106}
	EndGlobalSection
EndGlobal
